// !$*UTF8*$!
{
	archiveVersion = 1;
	classes = {
	};
	objectVersion = 55;
	objects = {

/* Begin PBXBuildFile section */
		3206C80628DE062500397C95 /* Coordinator.swift in Sources */ = {isa = PBXBuildFile; fileRef = 3206C80528DE062500397C95 /* Coordinator.swift */; };
		3206C80928DE067000397C95 /* EmojisListViewController.swift in Sources */ = {isa = PBXBuildFile; fileRef = 3206C80828DE067000397C95 /* EmojisListViewController.swift */; };
		3206C80B28DE08D400397C95 /* EmojisListCoordinator.swift in Sources */ = {isa = PBXBuildFile; fileRef = 3206C80A28DE08D400397C95 /* EmojisListCoordinator.swift */; };
		324AE7DA28DB5C8700B816A7 /* AppDelegate.swift in Sources */ = {isa = PBXBuildFile; fileRef = 324AE7D928DB5C8700B816A7 /* AppDelegate.swift */; };
		324AE7DC28DB5C8700B816A7 /* SceneDelegate.swift in Sources */ = {isa = PBXBuildFile; fileRef = 324AE7DB28DB5C8700B816A7 /* SceneDelegate.swift */; };
		324AE7DE28DB5C8700B816A7 /* MainViewController.swift in Sources */ = {isa = PBXBuildFile; fileRef = 324AE7DD28DB5C8700B816A7 /* MainViewController.swift */; };
		324AE7E328DB5C8900B816A7 /* Assets.xcassets in Resources */ = {isa = PBXBuildFile; fileRef = 324AE7E228DB5C8900B816A7 /* Assets.xcassets */; };
		324AE7E628DB5C8900B816A7 /* LaunchScreen.storyboard in Resources */ = {isa = PBXBuildFile; fileRef = 324AE7E428DB5C8900B816A7 /* LaunchScreen.storyboard */; };
		3253622128E1B7EB0073C59F /* ApplicationCoordinator.swift in Sources */ = {isa = PBXBuildFile; fileRef = 3253622028E1B7EB0073C59F /* ApplicationCoordinator.swift */; };
		3253622328E1B8620073C59F /* MainViewCoordinator.swift in Sources */ = {isa = PBXBuildFile; fileRef = 3253622228E1B8620073C59F /* MainViewCoordinator.swift */; };
		3253622528E1C7210073C59F /* AvatarListCoordinator.swift in Sources */ = {isa = PBXBuildFile; fileRef = 3253622428E1C7210073C59F /* AvatarListCoordinator.swift */; };
		3253622728E1C7710073C59F /* AvatarListViewController.swift in Sources */ = {isa = PBXBuildFile; fileRef = 3253622628E1C7710073C59F /* AvatarListViewController.swift */; };
		3253622928E1C8320073C59F /* AppleReposViewController.swift in Sources */ = {isa = PBXBuildFile; fileRef = 3253622828E1C8320073C59F /* AppleReposViewController.swift */; };
		3253622B28E1C8570073C59F /* AppleReposCoordinator.swift in Sources */ = {isa = PBXBuildFile; fileRef = 3253622A28E1C8570073C59F /* AppleReposCoordinator.swift */; };
		3253622E28E2EE1C0073C59F /* Emoji.swift in Sources */ = {isa = PBXBuildFile; fileRef = 3253622D28E2EE1C0073C59F /* Emoji.swift */; };
		3253623128E31B530073C59F /* Alamofire in Frameworks */ = {isa = PBXBuildFile; productRef = 3253623028E31B530073C59F /* Alamofire */; };
		3253623328E347BD0073C59F /* EmojisListCollectionViewCell.swift in Sources */ = {isa = PBXBuildFile; fileRef = 3253623228E347BD0073C59F /* EmojisListCollectionViewCell.swift */; };
		32823CA028E5DB7300596B98 /* Application.swift in Sources */ = {isa = PBXBuildFile; fileRef = 32823C9F28E5DB7300596B98 /* Application.swift */; };
		32823CA328E6E04100596B98 /* EmojiAPI.swift in Sources */ = {isa = PBXBuildFile; fileRef = 32823CA228E6E04000596B98 /* EmojiAPI.swift */; };
		32823CA628E6F42B00596B98 /* EmojiMock.swift in Sources */ = {isa = PBXBuildFile; fileRef = 32823CA528E6F42B00596B98 /* EmojiMock.swift */; };
		32B516E728F4164C00043127 /* ColorSet.xcassets in Resources */ = {isa = PBXBuildFile; fileRef = 32B516E628F4164C00043127 /* ColorSet.xcassets */; };
		32B516EA28F4721800043127 /* Database.xcdatamodeld in Sources */ = {isa = PBXBuildFile; fileRef = 32B516E828F4721800043127 /* Database.xcdatamodeld */; };
		32B516EE28F4802B00043127 /* EmojiPersistence.swift in Sources */ = {isa = PBXBuildFile; fileRef = 32B516ED28F4802B00043127 /* EmojiPersistence.swift */; };
		32B516F028F5B38000043127 /* NSManagedObject+ToEmoji.swift in Sources */ = {isa = PBXBuildFile; fileRef = 32B516EF28F5B38000043127 /* NSManagedObject+ToEmoji.swift */; };
		32B563FA28F71B060088D24C /* Avatar.swift in Sources */ = {isa = PBXBuildFile; fileRef = 32B563F928F71B060088D24C /* Avatar.swift */; };
		32B563FC28F721E50088D24C /* LiveAvatarService.swift in Sources */ = {isa = PBXBuildFile; fileRef = 32B563FB28F721E50088D24C /* LiveAvatarService.swift */; };
		32B563FE28F7268C0088D24C /* AvatarPersistence.swift in Sources */ = {isa = PBXBuildFile; fileRef = 32B563FD28F7268C0088D24C /* AvatarPersistence.swift */; };
		32B5640028F808DF0088D24C /* Persistence.swift in Sources */ = {isa = PBXBuildFile; fileRef = 32B563FF28F808DF0088D24C /* Persistence.swift */; };
		32B5640228F846190088D24C /* AvatarAPI.swift in Sources */ = {isa = PBXBuildFile; fileRef = 32B5640128F846190088D24C /* AvatarAPI.swift */; };
		32B5640428F84B200088D24C /* AvatarMock.swift in Sources */ = {isa = PBXBuildFile; fileRef = 32B5640328F84B200088D24C /* AvatarMock.swift */; };
		32B5640628F874310088D24C /* NSManagedObject+ToAvatar.swift in Sources */ = {isa = PBXBuildFile; fileRef = 32B5640528F874310088D24C /* NSManagedObject+ToAvatar.swift */; };
		32B5640828F975C80088D24C /* AvatarCollectionViewCell.swift in Sources */ = {isa = PBXBuildFile; fileRef = 32B5640728F975C80088D24C /* AvatarCollectionViewCell.swift */; };
		32B5640C28FDA3AE0088D24C /* AppleRepos.swift in Sources */ = {isa = PBXBuildFile; fileRef = 32B5640B28FDA3AE0088D24C /* AppleRepos.swift */; };
		32B5640E28FDAB8F0088D24C /* LiveAppleReposService.swift in Sources */ = {isa = PBXBuildFile; fileRef = 32B5640D28FDAB8F0088D24C /* LiveAppleReposService.swift */; };
		32B5641028FDB0A60088D24C /* AppleReposAPI.swift in Sources */ = {isa = PBXBuildFile; fileRef = 32B5640F28FDB0A60088D24C /* AppleReposAPI.swift */; };
		32B5641228FEA2B60088D24C /* ProjectConstants.swift in Sources */ = {isa = PBXBuildFile; fileRef = 32B5641128FEA2B60088D24C /* ProjectConstants.swift */; };
		32B5641428FEA6C80088D24C /* AppleReposViewCell.swift in Sources */ = {isa = PBXBuildFile; fileRef = 32B5641328FEA6C80088D24C /* AppleReposViewCell.swift */; };
		32B5641629002CC80088D24C /* MockedAppleReposService.swift in Sources */ = {isa = PBXBuildFile; fileRef = 32B5641529002CC80088D24C /* MockedAppleReposService.swift */; };
		32B5641829002DCC0088D24C /* AppleReposMock.swift in Sources */ = {isa = PBXBuildFile; fileRef = 32B5641729002DCC0088D24C /* AppleReposMock.swift */; };
		32B5641A29002E2A0088D24C /* AppleReposService.swift in Sources */ = {isa = PBXBuildFile; fileRef = 32B5641929002E2A0088D24C /* AppleReposService.swift */; };
		32B6D4B42907F22E00319867 /* ReusableView.swift in Sources */ = {isa = PBXBuildFile; fileRef = 32B6D4B32907F22E00319867 /* ReusableView.swift */; };
		32B6D4B62907F3BB00319867 /* UICollectionViewCell+ReusableView.swift in Sources */ = {isa = PBXBuildFile; fileRef = 32B6D4B52907F3BB00319867 /* UICollectionViewCell+ReusableView.swift */; };
		32B6D4B82907F3CA00319867 /* UITableViewCell+ReusableView.swift in Sources */ = {isa = PBXBuildFile; fileRef = 32B6D4B72907F3CA00319867 /* UITableViewCell+ReusableView.swift */; };
		32B6D4BF29083EBB00319867 /* FooterLoadingAppleRepos.swift in Sources */ = {isa = PBXBuildFile; fileRef = 32B6D4BE29083EBB00319867 /* FooterLoadingAppleRepos.swift */; };
		32B6D4C2290992FC00319867 /* MainViewModel.swift in Sources */ = {isa = PBXBuildFile; fileRef = 32B6D4C1290992FC00319867 /* MainViewModel.swift */; };
		32B6D4C42909944E00319867 /* Wrapper.swift in Sources */ = {isa = PBXBuildFile; fileRef = 32B6D4C32909944E00319867 /* Wrapper.swift */; };
		32B6D4C6290A920E00319867 /* EmojiViewModel.swift in Sources */ = {isa = PBXBuildFile; fileRef = 32B6D4C5290A920E00319867 /* EmojiViewModel.swift */; };
		32B6D4C8290ABEED00319867 /* AvatarViewModel.swift in Sources */ = {isa = PBXBuildFile; fileRef = 32B6D4C7290ABEED00319867 /* AvatarViewModel.swift */; };
		32B6D4CA290AD1A800319867 /* AppleReposViewModel.swift in Sources */ = {isa = PBXBuildFile; fileRef = 32B6D4C9290AD1A800319867 /* AppleReposViewModel.swift */; };
		32B71D4029143597009FEFAE /* RxCocoa in Frameworks */ = {isa = PBXBuildFile; productRef = 32B71D3F29143597009FEFAE /* RxCocoa */; };
		32B71D4229143597009FEFAE /* RxSwift in Frameworks */ = {isa = PBXBuildFile; productRef = 32B71D4129143597009FEFAE /* RxSwift */; };
		32B71D45291520A6009FEFAE /* MainView.swift in Sources */ = {isa = PBXBuildFile; fileRef = 32B71D44291520A6009FEFAE /* MainView.swift */; };
		32B71D49291531E1009FEFAE /* BaseGenericView.swift in Sources */ = {isa = PBXBuildFile; fileRef = 32B71D48291531E1009FEFAE /* BaseGenericView.swift */; };
		32B71D4B2915324F009FEFAE /* BaseGenericViewController.swift in Sources */ = {isa = PBXBuildFile; fileRef = 32B71D4A2915324F009FEFAE /* BaseGenericViewController.swift */; };
		32B71D4E2915742F009FEFAE /* EmojiView.swift in Sources */ = {isa = PBXBuildFile; fileRef = 32B71D4D2915742F009FEFAE /* EmojiView.swift */; };
		32B71D502919213D009FEFAE /* EmojiListMockDataSource.swift in Sources */ = {isa = PBXBuildFile; fileRef = 32B71D4F2919213D009FEFAE /* EmojiListMockDataSource.swift */; };
		32B8285228EED86500EDFFF1 /* MockedEmojiService.swift in Sources */ = {isa = PBXBuildFile; fileRef = 32B8285128EED86500EDFFF1 /* MockedEmojiService.swift */; };
		32B8285428EED8FC00EDFFF1 /* EmojiService.swift in Sources */ = {isa = PBXBuildFile; fileRef = 32B8285328EED8FC00EDFFF1 /* EmojiService.swift */; };
		32BDD93F28F061F2009A644F /* String+ToImage.swift in Sources */ = {isa = PBXBuildFile; fileRef = 32BDD93E28F061F2009A644F /* String+ToImage.swift */; };
		32BDD94428F08AFB009A644F /* ColorProvider.swift in Sources */ = {isa = PBXBuildFile; fileRef = 32BDD94328F08AFB009A644F /* ColorProvider.swift */; };
		32C5E73428EC787200C5FD93 /* LiveEmojiService.swift in Sources */ = {isa = PBXBuildFile; fileRef = 32C5E73328EC787200C5FD93 /* LiveEmojiService.swift */; };
		32C5E73728EC78B900C5FD93 /* NetworkManager.swift in Sources */ = {isa = PBXBuildFile; fileRef = 32C5E73628EC78B900C5FD93 /* NetworkManager.swift */; };
		32C5E73A28EC7AB100C5FD93 /* UIImageView+download.swift in Sources */ = {isa = PBXBuildFile; fileRef = 32C5E73928EC7AB100C5FD93 /* UIImageView+download.swift */; };
/* End PBXBuildFile section */

/* Begin PBXFileReference section */
		3206C80528DE062500397C95 /* Coordinator.swift */ = {isa = PBXFileReference; lastKnownFileType = sourcecode.swift; path = Coordinator.swift; sourceTree = "<group>"; };
		3206C80828DE067000397C95 /* EmojisListViewController.swift */ = {isa = PBXFileReference; lastKnownFileType = sourcecode.swift; path = EmojisListViewController.swift; sourceTree = "<group>"; };
		3206C80A28DE08D400397C95 /* EmojisListCoordinator.swift */ = {isa = PBXFileReference; lastKnownFileType = sourcecode.swift; path = EmojisListCoordinator.swift; sourceTree = "<group>"; };
		324AE7D628DB5C8700B816A7 /* AcademyChallengeApp.app */ = {isa = PBXFileReference; explicitFileType = wrapper.application; includeInIndex = 0; path = AcademyChallengeApp.app; sourceTree = BUILT_PRODUCTS_DIR; };
		324AE7D928DB5C8700B816A7 /* AppDelegate.swift */ = {isa = PBXFileReference; lastKnownFileType = sourcecode.swift; path = AppDelegate.swift; sourceTree = "<group>"; };
		324AE7DB28DB5C8700B816A7 /* SceneDelegate.swift */ = {isa = PBXFileReference; lastKnownFileType = sourcecode.swift; path = SceneDelegate.swift; sourceTree = "<group>"; };
		324AE7DD28DB5C8700B816A7 /* MainViewController.swift */ = {isa = PBXFileReference; lastKnownFileType = sourcecode.swift; path = MainViewController.swift; sourceTree = "<group>"; };
		324AE7E228DB5C8900B816A7 /* Assets.xcassets */ = {isa = PBXFileReference; lastKnownFileType = folder.assetcatalog; path = Assets.xcassets; sourceTree = "<group>"; };
		324AE7E528DB5C8900B816A7 /* Base */ = {isa = PBXFileReference; lastKnownFileType = file.storyboard; name = Base; path = Base.lproj/LaunchScreen.storyboard; sourceTree = "<group>"; };
		324AE7E728DB5C8900B816A7 /* Info.plist */ = {isa = PBXFileReference; lastKnownFileType = text.plist.xml; path = Info.plist; sourceTree = "<group>"; };
		3253622028E1B7EB0073C59F /* ApplicationCoordinator.swift */ = {isa = PBXFileReference; lastKnownFileType = sourcecode.swift; path = ApplicationCoordinator.swift; sourceTree = "<group>"; };
		3253622228E1B8620073C59F /* MainViewCoordinator.swift */ = {isa = PBXFileReference; lastKnownFileType = sourcecode.swift; path = MainViewCoordinator.swift; sourceTree = "<group>"; };
		3253622428E1C7210073C59F /* AvatarListCoordinator.swift */ = {isa = PBXFileReference; lastKnownFileType = sourcecode.swift; path = AvatarListCoordinator.swift; sourceTree = "<group>"; };
		3253622628E1C7710073C59F /* AvatarListViewController.swift */ = {isa = PBXFileReference; lastKnownFileType = sourcecode.swift; path = AvatarListViewController.swift; sourceTree = "<group>"; };
		3253622828E1C8320073C59F /* AppleReposViewController.swift */ = {isa = PBXFileReference; lastKnownFileType = sourcecode.swift; path = AppleReposViewController.swift; sourceTree = "<group>"; };
		3253622A28E1C8570073C59F /* AppleReposCoordinator.swift */ = {isa = PBXFileReference; lastKnownFileType = sourcecode.swift; path = AppleReposCoordinator.swift; sourceTree = "<group>"; };
		3253622D28E2EE1C0073C59F /* Emoji.swift */ = {isa = PBXFileReference; lastKnownFileType = sourcecode.swift; path = Emoji.swift; sourceTree = "<group>"; };
		3253623228E347BD0073C59F /* EmojisListCollectionViewCell.swift */ = {isa = PBXFileReference; lastKnownFileType = sourcecode.swift; path = EmojisListCollectionViewCell.swift; sourceTree = "<group>"; };
		32823C9F28E5DB7300596B98 /* Application.swift */ = {isa = PBXFileReference; lastKnownFileType = sourcecode.swift; path = Application.swift; sourceTree = "<group>"; };
		32823CA228E6E04000596B98 /* EmojiAPI.swift */ = {isa = PBXFileReference; lastKnownFileType = sourcecode.swift; path = EmojiAPI.swift; sourceTree = "<group>"; };
		32823CA528E6F42B00596B98 /* EmojiMock.swift */ = {isa = PBXFileReference; lastKnownFileType = sourcecode.swift; path = EmojiMock.swift; sourceTree = "<group>"; };
		32B516E628F4164C00043127 /* ColorSet.xcassets */ = {isa = PBXFileReference; lastKnownFileType = folder.assetcatalog; path = ColorSet.xcassets; sourceTree = "<group>"; };
		32B516E928F4721800043127 /* Database.xcdatamodel */ = {isa = PBXFileReference; lastKnownFileType = wrapper.xcdatamodel; path = Database.xcdatamodel; sourceTree = "<group>"; };
		32B516ED28F4802B00043127 /* EmojiPersistence.swift */ = {isa = PBXFileReference; lastKnownFileType = sourcecode.swift; path = EmojiPersistence.swift; sourceTree = "<group>"; };
		32B516EF28F5B38000043127 /* NSManagedObject+ToEmoji.swift */ = {isa = PBXFileReference; lastKnownFileType = sourcecode.swift; path = "NSManagedObject+ToEmoji.swift"; sourceTree = "<group>"; };
		32B563F928F71B060088D24C /* Avatar.swift */ = {isa = PBXFileReference; lastKnownFileType = sourcecode.swift; path = Avatar.swift; sourceTree = "<group>"; };
		32B563FB28F721E50088D24C /* LiveAvatarService.swift */ = {isa = PBXFileReference; lastKnownFileType = sourcecode.swift; path = LiveAvatarService.swift; sourceTree = "<group>"; };
		32B563FD28F7268C0088D24C /* AvatarPersistence.swift */ = {isa = PBXFileReference; lastKnownFileType = sourcecode.swift; path = AvatarPersistence.swift; sourceTree = "<group>"; };
		32B563FF28F808DF0088D24C /* Persistence.swift */ = {isa = PBXFileReference; lastKnownFileType = sourcecode.swift; path = Persistence.swift; sourceTree = "<group>"; };
		32B5640128F846190088D24C /* AvatarAPI.swift */ = {isa = PBXFileReference; lastKnownFileType = sourcecode.swift; path = AvatarAPI.swift; sourceTree = "<group>"; };
		32B5640328F84B200088D24C /* AvatarMock.swift */ = {isa = PBXFileReference; lastKnownFileType = sourcecode.swift; path = AvatarMock.swift; sourceTree = "<group>"; };
		32B5640528F874310088D24C /* NSManagedObject+ToAvatar.swift */ = {isa = PBXFileReference; lastKnownFileType = sourcecode.swift; path = "NSManagedObject+ToAvatar.swift"; sourceTree = "<group>"; };
		32B5640728F975C80088D24C /* AvatarCollectionViewCell.swift */ = {isa = PBXFileReference; lastKnownFileType = sourcecode.swift; path = AvatarCollectionViewCell.swift; sourceTree = "<group>"; };
		32B5640B28FDA3AE0088D24C /* AppleRepos.swift */ = {isa = PBXFileReference; lastKnownFileType = sourcecode.swift; path = AppleRepos.swift; sourceTree = "<group>"; };
		32B5640D28FDAB8F0088D24C /* LiveAppleReposService.swift */ = {isa = PBXFileReference; lastKnownFileType = sourcecode.swift; path = LiveAppleReposService.swift; sourceTree = "<group>"; };
		32B5640F28FDB0A60088D24C /* AppleReposAPI.swift */ = {isa = PBXFileReference; lastKnownFileType = sourcecode.swift; path = AppleReposAPI.swift; sourceTree = "<group>"; };
		32B5641128FEA2B60088D24C /* ProjectConstants.swift */ = {isa = PBXFileReference; lastKnownFileType = sourcecode.swift; path = ProjectConstants.swift; sourceTree = "<group>"; };
		32B5641328FEA6C80088D24C /* AppleReposViewCell.swift */ = {isa = PBXFileReference; lastKnownFileType = sourcecode.swift; path = AppleReposViewCell.swift; sourceTree = "<group>"; };
		32B5641529002CC80088D24C /* MockedAppleReposService.swift */ = {isa = PBXFileReference; lastKnownFileType = sourcecode.swift; path = MockedAppleReposService.swift; sourceTree = "<group>"; };
		32B5641729002DCC0088D24C /* AppleReposMock.swift */ = {isa = PBXFileReference; lastKnownFileType = sourcecode.swift; path = AppleReposMock.swift; sourceTree = "<group>"; };
		32B5641929002E2A0088D24C /* AppleReposService.swift */ = {isa = PBXFileReference; lastKnownFileType = sourcecode.swift; path = AppleReposService.swift; sourceTree = "<group>"; };
		32B6D4B32907F22E00319867 /* ReusableView.swift */ = {isa = PBXFileReference; lastKnownFileType = sourcecode.swift; path = ReusableView.swift; sourceTree = "<group>"; };
		32B6D4B52907F3BB00319867 /* UICollectionViewCell+ReusableView.swift */ = {isa = PBXFileReference; lastKnownFileType = sourcecode.swift; path = "UICollectionViewCell+ReusableView.swift"; sourceTree = "<group>"; };
		32B6D4B72907F3CA00319867 /* UITableViewCell+ReusableView.swift */ = {isa = PBXFileReference; lastKnownFileType = sourcecode.swift; path = "UITableViewCell+ReusableView.swift"; sourceTree = "<group>"; };
		32B6D4BE29083EBB00319867 /* FooterLoadingAppleRepos.swift */ = {isa = PBXFileReference; lastKnownFileType = sourcecode.swift; path = FooterLoadingAppleRepos.swift; sourceTree = "<group>"; };
		32B6D4C1290992FC00319867 /* MainViewModel.swift */ = {isa = PBXFileReference; lastKnownFileType = sourcecode.swift; path = MainViewModel.swift; sourceTree = "<group>"; };
		32B6D4C32909944E00319867 /* Wrapper.swift */ = {isa = PBXFileReference; lastKnownFileType = sourcecode.swift; path = Wrapper.swift; sourceTree = "<group>"; };
		32B6D4C5290A920E00319867 /* EmojiViewModel.swift */ = {isa = PBXFileReference; lastKnownFileType = sourcecode.swift; path = EmojiViewModel.swift; sourceTree = "<group>"; };
		32B6D4C7290ABEED00319867 /* AvatarViewModel.swift */ = {isa = PBXFileReference; lastKnownFileType = sourcecode.swift; path = AvatarViewModel.swift; sourceTree = "<group>"; };
		32B6D4C9290AD1A800319867 /* AppleReposViewModel.swift */ = {isa = PBXFileReference; lastKnownFileType = sourcecode.swift; path = AppleReposViewModel.swift; sourceTree = "<group>"; };
		32B71D44291520A6009FEFAE /* MainView.swift */ = {isa = PBXFileReference; lastKnownFileType = sourcecode.swift; path = MainView.swift; sourceTree = "<group>"; };
		32B71D48291531E1009FEFAE /* BaseGenericView.swift */ = {isa = PBXFileReference; lastKnownFileType = sourcecode.swift; path = BaseGenericView.swift; sourceTree = "<group>"; };
		32B71D4A2915324F009FEFAE /* BaseGenericViewController.swift */ = {isa = PBXFileReference; lastKnownFileType = sourcecode.swift; path = BaseGenericViewController.swift; sourceTree = "<group>"; };
		32B71D4D2915742F009FEFAE /* EmojiView.swift */ = {isa = PBXFileReference; lastKnownFileType = sourcecode.swift; path = EmojiView.swift; sourceTree = "<group>"; };
		32B71D4F2919213D009FEFAE /* EmojiListMockDataSource.swift */ = {isa = PBXFileReference; lastKnownFileType = sourcecode.swift; path = EmojiListMockDataSource.swift; sourceTree = "<group>"; };
		32B8285128EED86500EDFFF1 /* MockedEmojiService.swift */ = {isa = PBXFileReference; lastKnownFileType = sourcecode.swift; path = MockedEmojiService.swift; sourceTree = "<group>"; };
		32B8285328EED8FC00EDFFF1 /* EmojiService.swift */ = {isa = PBXFileReference; lastKnownFileType = sourcecode.swift; path = EmojiService.swift; sourceTree = "<group>"; };
		32BDD93E28F061F2009A644F /* String+ToImage.swift */ = {isa = PBXFileReference; lastKnownFileType = sourcecode.swift; path = "String+ToImage.swift"; sourceTree = "<group>"; };
		32BDD94328F08AFB009A644F /* ColorProvider.swift */ = {isa = PBXFileReference; lastKnownFileType = sourcecode.swift; name = ColorProvider.swift; path = DesignSystem/ColorProvider.swift; sourceTree = "<group>"; };
		32C5E73328EC787200C5FD93 /* LiveEmojiService.swift */ = {isa = PBXFileReference; lastKnownFileType = sourcecode.swift; path = LiveEmojiService.swift; sourceTree = "<group>"; };
		32C5E73628EC78B900C5FD93 /* NetworkManager.swift */ = {isa = PBXFileReference; lastKnownFileType = sourcecode.swift; path = NetworkManager.swift; sourceTree = "<group>"; };
		32C5E73928EC7AB100C5FD93 /* UIImageView+download.swift */ = {isa = PBXFileReference; lastKnownFileType = sourcecode.swift; path = "UIImageView+download.swift"; sourceTree = "<group>"; };
/* End PBXFileReference section */

/* Begin PBXFrameworksBuildPhase section */
		324AE7D328DB5C8700B816A7 /* Frameworks */ = {
			isa = PBXFrameworksBuildPhase;
			buildActionMask = 2147483647;
			files = (
				32B71D4229143597009FEFAE /* RxSwift in Frameworks */,
				32B71D4029143597009FEFAE /* RxCocoa in Frameworks */,
				3253623128E31B530073C59F /* Alamofire in Frameworks */,
			);
			runOnlyForDeploymentPostprocessing = 0;
		};
/* End PBXFrameworksBuildPhase section */

/* Begin PBXGroup section */
		3206C80428DE061100397C95 /* Coordinators */ = {
			isa = PBXGroup;
			children = (
				3206C80528DE062500397C95 /* Coordinator.swift */,
				3206C80A28DE08D400397C95 /* EmojisListCoordinator.swift */,
				3253622028E1B7EB0073C59F /* ApplicationCoordinator.swift */,
				3253622228E1B8620073C59F /* MainViewCoordinator.swift */,
				3253622428E1C7210073C59F /* AvatarListCoordinator.swift */,
				3253622A28E1C8570073C59F /* AppleReposCoordinator.swift */,
			);
			path = Coordinators;
			sourceTree = "<group>";
		};
		3206C80728DE065600397C95 /* Views */ = {
			isa = PBXGroup;
			children = (
				32B6D4B32907F22E00319867 /* ReusableView.swift */,
			);
			path = Views;
			sourceTree = "<group>";
		};
		324AE7CD28DB5C8700B816A7 = {
			isa = PBXGroup;
			children = (
				324AE7D828DB5C8700B816A7 /* AcademyChallengeApp */,
				324AE7D728DB5C8700B816A7 /* Products */,
			);
			sourceTree = "<group>";
		};
		324AE7D728DB5C8700B816A7 /* Products */ = {
			isa = PBXGroup;
			children = (
				324AE7D628DB5C8700B816A7 /* AcademyChallengeApp.app */,
			);
			name = Products;
			sourceTree = "<group>";
		};
		324AE7D828DB5C8700B816A7 /* AcademyChallengeApp */ = {
			isa = PBXGroup;
			children = (
				32B563F828F719AE0088D24C /* Data */,
				32B563F728F719A70088D24C /* Domain */,
				32B563F628F7199B0088D24C /* Presentation */,
				32BDD94228F08ADE009A644F /* DesignSystem */,
				32C5E73828EC7A9500C5FD93 /* Utilities */,
				32B516E828F4721800043127 /* Database.xcdatamodeld */,
				324AE7D928DB5C8700B816A7 /* AppDelegate.swift */,
				324AE7DB28DB5C8700B816A7 /* SceneDelegate.swift */,
				324AE7E228DB5C8900B816A7 /* Assets.xcassets */,
				32B516E628F4164C00043127 /* ColorSet.xcassets */,
				324AE7E428DB5C8900B816A7 /* LaunchScreen.storyboard */,
				324AE7E728DB5C8900B816A7 /* Info.plist */,
				32823C9F28E5DB7300596B98 /* Application.swift */,
			);
			path = AcademyChallengeApp;
			sourceTree = "<group>";
		};
		3253622C28E219150073C59F /* Model */ = {
			isa = PBXGroup;
			children = (
				3253622D28E2EE1C0073C59F /* Emoji.swift */,
				32823CA528E6F42B00596B98 /* EmojiMock.swift */,
				32B563F928F71B060088D24C /* Avatar.swift */,
				32B5640328F84B200088D24C /* AvatarMock.swift */,
				32B5640B28FDA3AE0088D24C /* AppleRepos.swift */,
				32B5641729002DCC0088D24C /* AppleReposMock.swift */,
			);
			path = Model;
			sourceTree = "<group>";
		};
		32823CA128E6DF1F00596B98 /* API */ = {
			isa = PBXGroup;
			children = (
				32823CA228E6E04000596B98 /* EmojiAPI.swift */,
				32B5640128F846190088D24C /* AvatarAPI.swift */,
				32B5640F28FDB0A60088D24C /* AppleReposAPI.swift */,
			);
			path = API;
			sourceTree = "<group>";
		};
		32B516EC28F4800900043127 /* Persistence */ = {
			isa = PBXGroup;
			children = (
				32B516ED28F4802B00043127 /* EmojiPersistence.swift */,
				32B563FD28F7268C0088D24C /* AvatarPersistence.swift */,
				32B563FF28F808DF0088D24C /* Persistence.swift */,
			);
			path = Persistence;
			sourceTree = "<group>";
		};
		32B563F628F7199B0088D24C /* Presentation */ = {
			isa = PBXGroup;
			children = (
				32B71D4C2915741B009FEFAE /* EmojiScreen */,
				32B71D472915319C009FEFAE /* Base */,
				32B71D4629153189009FEFAE /* MainScreen */,
				32B71D432915200E009FEFAE /* Controllers */,
				3206C80428DE061100397C95 /* Coordinators */,
				3206C80728DE065600397C95 /* Views */,
			);
			path = Presentation;
			sourceTree = "<group>";
		};
		32B563F728F719A70088D24C /* Domain */ = {
			isa = PBXGroup;
			children = (
				3253622C28E219150073C59F /* Model */,
			);
			path = Domain;
			sourceTree = "<group>";
		};
		32B563F828F719AE0088D24C /* Data */ = {
			isa = PBXGroup;
			children = (
				32B6D4C0290992EB00319867 /* ViewModel */,
				32B516EC28F4800900043127 /* Persistence */,
				32C5E73528EC789000C5FD93 /* Network */,
				32C5E73228EC782700C5FD93 /* Service */,
			);
			path = Data;
			sourceTree = "<group>";
		};
		32B6D4C0290992EB00319867 /* ViewModel */ = {
			isa = PBXGroup;
			children = (
				32B6D4C1290992FC00319867 /* MainViewModel.swift */,
				32B6D4C5290A920E00319867 /* EmojiViewModel.swift */,
				32B6D4C7290ABEED00319867 /* AvatarViewModel.swift */,
				32B6D4C9290AD1A800319867 /* AppleReposViewModel.swift */,
			);
			path = ViewModel;
			sourceTree = "<group>";
		};
		32B71D432915200E009FEFAE /* Controllers */ = {
			isa = PBXGroup;
			children = (
				3253622628E1C7710073C59F /* AvatarListViewController.swift */,
				3253622828E1C8320073C59F /* AppleReposViewController.swift */,
				32B5640728F975C80088D24C /* AvatarCollectionViewCell.swift */,
				32B5641328FEA6C80088D24C /* AppleReposViewCell.swift */,
				32B6D4BE29083EBB00319867 /* FooterLoadingAppleRepos.swift */,
			);
			path = Controllers;
			sourceTree = "<group>";
		};
		32B71D4629153189009FEFAE /* MainScreen */ = {
			isa = PBXGroup;
			children = (
				32B71D44291520A6009FEFAE /* MainView.swift */,
				324AE7DD28DB5C8700B816A7 /* MainViewController.swift */,
			);
			path = MainScreen;
			sourceTree = "<group>";
		};
		32B71D472915319C009FEFAE /* Base */ = {
			isa = PBXGroup;
			children = (
				32B71D48291531E1009FEFAE /* BaseGenericView.swift */,
				32B71D4A2915324F009FEFAE /* BaseGenericViewController.swift */,
			);
			path = Base;
			sourceTree = "<group>";
		};
		32B71D4C2915741B009FEFAE /* EmojiScreen */ = {
			isa = PBXGroup;
			children = (
				32B71D4D2915742F009FEFAE /* EmojiView.swift */,
				3206C80828DE067000397C95 /* EmojisListViewController.swift */,
				32B71D4F2919213D009FEFAE /* EmojiListMockDataSource.swift */,
				3253623228E347BD0073C59F /* EmojisListCollectionViewCell.swift */,
			);
			path = EmojiScreen;
			sourceTree = "<group>";
		};
		32BDD94228F08ADE009A644F /* DesignSystem */ = {
			isa = PBXGroup;
			children = (
				32BDD94328F08AFB009A644F /* ColorProvider.swift */,
			);
			name = DesignSystem;
			sourceTree = "<group>";
		};
		32C5E73228EC782700C5FD93 /* Service */ = {
			isa = PBXGroup;
			children = (
				32C5E73328EC787200C5FD93 /* LiveEmojiService.swift */,
				32B8285128EED86500EDFFF1 /* MockedEmojiService.swift */,
				32B8285328EED8FC00EDFFF1 /* EmojiService.swift */,
				32B563FB28F721E50088D24C /* LiveAvatarService.swift */,
				32B5640D28FDAB8F0088D24C /* LiveAppleReposService.swift */,
				32B5641529002CC80088D24C /* MockedAppleReposService.swift */,
				32B5641929002E2A0088D24C /* AppleReposService.swift */,
			);
			path = Service;
			sourceTree = "<group>";
		};
		32C5E73528EC789000C5FD93 /* Network */ = {
			isa = PBXGroup;
			children = (
				32823CA128E6DF1F00596B98 /* API */,
				32C5E73628EC78B900C5FD93 /* NetworkManager.swift */,
			);
			path = Network;
			sourceTree = "<group>";
		};
		32C5E73828EC7A9500C5FD93 /* Utilities */ = {
			isa = PBXGroup;
			children = (
				32B6D4C32909944E00319867 /* Wrapper.swift */,
				32C5E73928EC7AB100C5FD93 /* UIImageView+download.swift */,
				32BDD93E28F061F2009A644F /* String+ToImage.swift */,
				32B516EF28F5B38000043127 /* NSManagedObject+ToEmoji.swift */,
				32B5640528F874310088D24C /* NSManagedObject+ToAvatar.swift */,
				32B5641128FEA2B60088D24C /* ProjectConstants.swift */,
				32B6D4B52907F3BB00319867 /* UICollectionViewCell+ReusableView.swift */,
				32B6D4B72907F3CA00319867 /* UITableViewCell+ReusableView.swift */,
			);
			path = Utilities;
			sourceTree = "<group>";
		};
/* End PBXGroup section */

/* Begin PBXNativeTarget section */
		324AE7D528DB5C8700B816A7 /* AcademyChallengeApp */ = {
			isa = PBXNativeTarget;
			buildConfigurationList = 324AE7EA28DB5C8900B816A7 /* Build configuration list for PBXNativeTarget "AcademyChallengeApp" */;
			buildPhases = (
				32B6D4CB290AE7A900319867 /* SwiftLint */,
				324AE7D228DB5C8700B816A7 /* Sources */,
				324AE7D328DB5C8700B816A7 /* Frameworks */,
				324AE7D428DB5C8700B816A7 /* Resources */,
			);
			buildRules = (
			);
			dependencies = (
			);
			name = AcademyChallengeApp;
			packageProductDependencies = (
				3253623028E31B530073C59F /* Alamofire */,
				32B71D3F29143597009FEFAE /* RxCocoa */,
				32B71D4129143597009FEFAE /* RxSwift */,
			);
			productName = AcademyChallengeApp;
			productReference = 324AE7D628DB5C8700B816A7 /* AcademyChallengeApp.app */;
			productType = "com.apple.product-type.application";
		};
/* End PBXNativeTarget section */

/* Begin PBXProject section */
		324AE7CE28DB5C8700B816A7 /* Project object */ = {
			isa = PBXProject;
			attributes = {
				BuildIndependentTargetsInParallel = 1;
				LastSwiftUpdateCheck = 1340;
				LastUpgradeCheck = 1340;
				TargetAttributes = {
					324AE7D528DB5C8700B816A7 = {
						CreatedOnToolsVersion = 13.4.1;
					};
				};
			};
			buildConfigurationList = 324AE7D128DB5C8700B816A7 /* Build configuration list for PBXProject "AcademyChallengeApp" */;
			compatibilityVersion = "Xcode 13.0";
			developmentRegion = en;
			hasScannedForEncodings = 0;
			knownRegions = (
				en,
				Base,
			);
			mainGroup = 324AE7CD28DB5C8700B816A7;
			packageReferences = (
				3253622F28E31B530073C59F /* XCRemoteSwiftPackageReference "Alamofire" */,
				32B71D3E29143597009FEFAE /* XCRemoteSwiftPackageReference "RxSwift" */,
			);
			productRefGroup = 324AE7D728DB5C8700B816A7 /* Products */;
			projectDirPath = "";
			projectRoot = "";
			targets = (
				324AE7D528DB5C8700B816A7 /* AcademyChallengeApp */,
			);
		};
/* End PBXProject section */

/* Begin PBXResourcesBuildPhase section */
		324AE7D428DB5C8700B816A7 /* Resources */ = {
			isa = PBXResourcesBuildPhase;
			buildActionMask = 2147483647;
			files = (
				324AE7E628DB5C8900B816A7 /* LaunchScreen.storyboard in Resources */,
				324AE7E328DB5C8900B816A7 /* Assets.xcassets in Resources */,
				32B516E728F4164C00043127 /* ColorSet.xcassets in Resources */,
			);
			runOnlyForDeploymentPostprocessing = 0;
		};
/* End PBXResourcesBuildPhase section */

/* Begin PBXShellScriptBuildPhase section */
		32B6D4CB290AE7A900319867 /* SwiftLint */ = {
			isa = PBXShellScriptBuildPhase;
			buildActionMask = 2147483647;
			files = (
			);
			inputFileListPaths = (
			);
			inputPaths = (
			);
			name = SwiftLint;
			outputFileListPaths = (
			);
			outputPaths = (
			);
			runOnlyForDeploymentPostprocessing = 0;
			shellPath = /bin/sh;
			shellScript = "# Type a script or drag a script file from your workspace to insert its path.\nexport PATH=\"$PATH:/opt/homebrew/bin\"\nif which swiftlint > /dev/null; then\n  swiftlint\nelse\n  echo \"warning: SwiftLint not installed, download from https://github.com/realm/SwiftLint\"\nfi\n";
		};
/* End PBXShellScriptBuildPhase section */

/* Begin PBXSourcesBuildPhase section */
		324AE7D228DB5C8700B816A7 /* Sources */ = {
			isa = PBXSourcesBuildPhase;
			buildActionMask = 2147483647;
			files = (
				32BDD94428F08AFB009A644F /* ColorProvider.swift in Sources */,
				32B516EE28F4802B00043127 /* EmojiPersistence.swift in Sources */,
				32823CA028E5DB7300596B98 /* Application.swift in Sources */,
				32B6D4CA290AD1A800319867 /* AppleReposViewModel.swift in Sources */,
				32B5640228F846190088D24C /* AvatarAPI.swift in Sources */,
				32B6D4C42909944E00319867 /* Wrapper.swift in Sources */,
				3253622328E1B8620073C59F /* MainViewCoordinator.swift in Sources */,
				3253622728E1C7710073C59F /* AvatarListViewController.swift in Sources */,
				32B5641228FEA2B60088D24C /* ProjectConstants.swift in Sources */,
				32B6D4C8290ABEED00319867 /* AvatarViewModel.swift in Sources */,
				32B71D45291520A6009FEFAE /* MainView.swift in Sources */,
				32C5E73728EC78B900C5FD93 /* NetworkManager.swift in Sources */,
				32823CA328E6E04100596B98 /* EmojiAPI.swift in Sources */,
				3206C80628DE062500397C95 /* Coordinator.swift in Sources */,
				32B5641A29002E2A0088D24C /* AppleReposService.swift in Sources */,
				32B8285428EED8FC00EDFFF1 /* EmojiService.swift in Sources */,
				32B6D4C6290A920E00319867 /* EmojiViewModel.swift in Sources */,
				32B71D4E2915742F009FEFAE /* EmojiView.swift in Sources */,
				3206C80B28DE08D400397C95 /* EmojisListCoordinator.swift in Sources */,
				32B5640628F874310088D24C /* NSManagedObject+ToAvatar.swift in Sources */,
				32823CA628E6F42B00596B98 /* EmojiMock.swift in Sources */,
				32B6D4B42907F22E00319867 /* ReusableView.swift in Sources */,
				32B5641028FDB0A60088D24C /* AppleReposAPI.swift in Sources */,
				3206C80928DE067000397C95 /* EmojisListViewController.swift in Sources */,
				32B516EA28F4721800043127 /* Database.xcdatamodeld in Sources */,
				32B5641428FEA6C80088D24C /* AppleReposViewCell.swift in Sources */,
				32B5641829002DCC0088D24C /* AppleReposMock.swift in Sources */,
				324AE7DE28DB5C8700B816A7 /* MainViewController.swift in Sources */,
				32B71D49291531E1009FEFAE /* BaseGenericView.swift in Sources */,
				32B516F028F5B38000043127 /* NSManagedObject+ToEmoji.swift in Sources */,
				32B71D4B2915324F009FEFAE /* BaseGenericViewController.swift in Sources */,
				32B6D4BF29083EBB00319867 /* FooterLoadingAppleRepos.swift in Sources */,
				32B5640028F808DF0088D24C /* Persistence.swift in Sources */,
				32B563FE28F7268C0088D24C /* AvatarPersistence.swift in Sources */,
				32B71D502919213D009FEFAE /* EmojiListMockDataSource.swift in Sources */,
				32B5640E28FDAB8F0088D24C /* LiveAppleReposService.swift in Sources */,
				3253622928E1C8320073C59F /* AppleReposViewController.swift in Sources */,
				32C5E73428EC787200C5FD93 /* LiveEmojiService.swift in Sources */,
				32B6D4B62907F3BB00319867 /* UICollectionViewCell+ReusableView.swift in Sources */,
				324AE7DA28DB5C8700B816A7 /* AppDelegate.swift in Sources */,
				32B5640C28FDA3AE0088D24C /* AppleRepos.swift in Sources */,
				32B6D4B82907F3CA00319867 /* UITableViewCell+ReusableView.swift in Sources */,
				32B563FA28F71B060088D24C /* Avatar.swift in Sources */,
				32B5640428F84B200088D24C /* AvatarMock.swift in Sources */,
				32B563FC28F721E50088D24C /* LiveAvatarService.swift in Sources */,
				32BDD93F28F061F2009A644F /* String+ToImage.swift in Sources */,
				32B5641629002CC80088D24C /* MockedAppleReposService.swift in Sources */,
				324AE7DC28DB5C8700B816A7 /* SceneDelegate.swift in Sources */,
				3253623328E347BD0073C59F /* EmojisListCollectionViewCell.swift in Sources */,
				3253622B28E1C8570073C59F /* AppleReposCoordinator.swift in Sources */,
				3253622128E1B7EB0073C59F /* ApplicationCoordinator.swift in Sources */,
				32B8285228EED86500EDFFF1 /* MockedEmojiService.swift in Sources */,
				32C5E73A28EC7AB100C5FD93 /* UIImageView+download.swift in Sources */,
				3253622E28E2EE1C0073C59F /* Emoji.swift in Sources */,
				32B5640828F975C80088D24C /* AvatarCollectionViewCell.swift in Sources */,
				3253622528E1C7210073C59F /* AvatarListCoordinator.swift in Sources */,
				32B6D4C2290992FC00319867 /* MainViewModel.swift in Sources */,
			);
			runOnlyForDeploymentPostprocessing = 0;
		};
/* End PBXSourcesBuildPhase section */

/* Begin PBXVariantGroup section */
		324AE7E428DB5C8900B816A7 /* LaunchScreen.storyboard */ = {
			isa = PBXVariantGroup;
			children = (
				324AE7E528DB5C8900B816A7 /* Base */,
			);
			name = LaunchScreen.storyboard;
			sourceTree = "<group>";
		};
/* End PBXVariantGroup section */

/* Begin XCBuildConfiguration section */
		324AE7E828DB5C8900B816A7 /* Debug */ = {
			isa = XCBuildConfiguration;
			buildSettings = {
				ALWAYS_SEARCH_USER_PATHS = NO;
				CLANG_ANALYZER_NONNULL = YES;
				CLANG_ANALYZER_NUMBER_OBJECT_CONVERSION = YES_AGGRESSIVE;
				CLANG_CXX_LANGUAGE_STANDARD = "gnu++17";
				CLANG_ENABLE_MODULES = YES;
				CLANG_ENABLE_OBJC_ARC = YES;
				CLANG_ENABLE_OBJC_WEAK = YES;
				CLANG_WARN_BLOCK_CAPTURE_AUTORELEASING = YES;
				CLANG_WARN_BOOL_CONVERSION = YES;
				CLANG_WARN_COMMA = YES;
				CLANG_WARN_CONSTANT_CONVERSION = YES;
				CLANG_WARN_DEPRECATED_OBJC_IMPLEMENTATIONS = YES;
				CLANG_WARN_DIRECT_OBJC_ISA_USAGE = YES_ERROR;
				CLANG_WARN_DOCUMENTATION_COMMENTS = YES;
				CLANG_WARN_EMPTY_BODY = YES;
				CLANG_WARN_ENUM_CONVERSION = YES;
				CLANG_WARN_INFINITE_RECURSION = YES;
				CLANG_WARN_INT_CONVERSION = YES;
				CLANG_WARN_NON_LITERAL_NULL_CONVERSION = YES;
				CLANG_WARN_OBJC_IMPLICIT_RETAIN_SELF = YES;
				CLANG_WARN_OBJC_LITERAL_CONVERSION = YES;
				CLANG_WARN_OBJC_ROOT_CLASS = YES_ERROR;
				CLANG_WARN_QUOTED_INCLUDE_IN_FRAMEWORK_HEADER = YES;
				CLANG_WARN_RANGE_LOOP_ANALYSIS = YES;
				CLANG_WARN_STRICT_PROTOTYPES = YES;
				CLANG_WARN_SUSPICIOUS_MOVE = YES;
				CLANG_WARN_UNGUARDED_AVAILABILITY = YES_AGGRESSIVE;
				CLANG_WARN_UNREACHABLE_CODE = YES;
				CLANG_WARN__DUPLICATE_METHOD_MATCH = YES;
				COPY_PHASE_STRIP = NO;
				DEBUG_INFORMATION_FORMAT = dwarf;
				ENABLE_STRICT_OBJC_MSGSEND = YES;
				ENABLE_TESTABILITY = YES;
				GCC_C_LANGUAGE_STANDARD = gnu11;
				GCC_DYNAMIC_NO_PIC = NO;
				GCC_NO_COMMON_BLOCKS = YES;
				GCC_OPTIMIZATION_LEVEL = 0;
				GCC_PREPROCESSOR_DEFINITIONS = (
					"DEBUG=1",
					"$(inherited)",
				);
				GCC_WARN_64_TO_32_BIT_CONVERSION = YES;
				GCC_WARN_ABOUT_RETURN_TYPE = YES_ERROR;
				GCC_WARN_UNDECLARED_SELECTOR = YES;
				GCC_WARN_UNINITIALIZED_AUTOS = YES_AGGRESSIVE;
				GCC_WARN_UNUSED_FUNCTION = YES;
				GCC_WARN_UNUSED_VARIABLE = YES;
				IPHONEOS_DEPLOYMENT_TARGET = 15.5;
				MTL_ENABLE_DEBUG_INFO = INCLUDE_SOURCE;
				MTL_FAST_MATH = YES;
				ONLY_ACTIVE_ARCH = YES;
				SDKROOT = iphoneos;
				SWIFT_ACTIVE_COMPILATION_CONDITIONS = DEBUG;
				SWIFT_OPTIMIZATION_LEVEL = "-Onone";
			};
			name = Debug;
		};
		324AE7E928DB5C8900B816A7 /* Release */ = {
			isa = XCBuildConfiguration;
			buildSettings = {
				ALWAYS_SEARCH_USER_PATHS = NO;
				CLANG_ANALYZER_NONNULL = YES;
				CLANG_ANALYZER_NUMBER_OBJECT_CONVERSION = YES_AGGRESSIVE;
				CLANG_CXX_LANGUAGE_STANDARD = "gnu++17";
				CLANG_ENABLE_MODULES = YES;
				CLANG_ENABLE_OBJC_ARC = YES;
				CLANG_ENABLE_OBJC_WEAK = YES;
				CLANG_WARN_BLOCK_CAPTURE_AUTORELEASING = YES;
				CLANG_WARN_BOOL_CONVERSION = YES;
				CLANG_WARN_COMMA = YES;
				CLANG_WARN_CONSTANT_CONVERSION = YES;
				CLANG_WARN_DEPRECATED_OBJC_IMPLEMENTATIONS = YES;
				CLANG_WARN_DIRECT_OBJC_ISA_USAGE = YES_ERROR;
				CLANG_WARN_DOCUMENTATION_COMMENTS = YES;
				CLANG_WARN_EMPTY_BODY = YES;
				CLANG_WARN_ENUM_CONVERSION = YES;
				CLANG_WARN_INFINITE_RECURSION = YES;
				CLANG_WARN_INT_CONVERSION = YES;
				CLANG_WARN_NON_LITERAL_NULL_CONVERSION = YES;
				CLANG_WARN_OBJC_IMPLICIT_RETAIN_SELF = YES;
				CLANG_WARN_OBJC_LITERAL_CONVERSION = YES;
				CLANG_WARN_OBJC_ROOT_CLASS = YES_ERROR;
				CLANG_WARN_QUOTED_INCLUDE_IN_FRAMEWORK_HEADER = YES;
				CLANG_WARN_RANGE_LOOP_ANALYSIS = YES;
				CLANG_WARN_STRICT_PROTOTYPES = YES;
				CLANG_WARN_SUSPICIOUS_MOVE = YES;
				CLANG_WARN_UNGUARDED_AVAILABILITY = YES_AGGRESSIVE;
				CLANG_WARN_UNREACHABLE_CODE = YES;
				CLANG_WARN__DUPLICATE_METHOD_MATCH = YES;
				COPY_PHASE_STRIP = NO;
				DEBUG_INFORMATION_FORMAT = "dwarf-with-dsym";
				ENABLE_NS_ASSERTIONS = NO;
				ENABLE_STRICT_OBJC_MSGSEND = YES;
				GCC_C_LANGUAGE_STANDARD = gnu11;
				GCC_NO_COMMON_BLOCKS = YES;
				GCC_WARN_64_TO_32_BIT_CONVERSION = YES;
				GCC_WARN_ABOUT_RETURN_TYPE = YES_ERROR;
				GCC_WARN_UNDECLARED_SELECTOR = YES;
				GCC_WARN_UNINITIALIZED_AUTOS = YES_AGGRESSIVE;
				GCC_WARN_UNUSED_FUNCTION = YES;
				GCC_WARN_UNUSED_VARIABLE = YES;
				IPHONEOS_DEPLOYMENT_TARGET = 15.5;
				MTL_ENABLE_DEBUG_INFO = NO;
				MTL_FAST_MATH = YES;
				SDKROOT = iphoneos;
				SWIFT_COMPILATION_MODE = wholemodule;
				SWIFT_OPTIMIZATION_LEVEL = "-O";
				VALIDATE_PRODUCT = YES;
			};
			name = Release;
		};
		324AE7EB28DB5C8900B816A7 /* Debug */ = {
			isa = XCBuildConfiguration;
			buildSettings = {
				ASSETCATALOG_COMPILER_APPICON_NAME = AppIcon;
				ASSETCATALOG_COMPILER_GLOBAL_ACCENT_COLOR_NAME = AccentColor;
				CODE_SIGN_STYLE = Automatic;
				CURRENT_PROJECT_VERSION = 1;
				GENERATE_INFOPLIST_FILE = YES;
				INFOPLIST_FILE = AcademyChallengeApp/Info.plist;
				INFOPLIST_KEY_UIApplicationSupportsIndirectInputEvents = YES;
				INFOPLIST_KEY_UILaunchStoryboardName = LaunchScreen;
				INFOPLIST_KEY_UISupportedInterfaceOrientations_iPad = "UIInterfaceOrientationPortrait UIInterfaceOrientationPortraitUpsideDown UIInterfaceOrientationLandscapeLeft UIInterfaceOrientationLandscapeRight";
				INFOPLIST_KEY_UISupportedInterfaceOrientations_iPhone = "UIInterfaceOrientationPortrait UIInterfaceOrientationLandscapeLeft UIInterfaceOrientationLandscapeRight";
				LD_RUNPATH_SEARCH_PATHS = (
					"$(inherited)",
					"@executable_path/Frameworks",
				);
				MARKETING_VERSION = 1.0;
				PRODUCT_BUNDLE_IDENTIFIER = rubenantunes.bliss.AcademyChallengeApp;
				PRODUCT_NAME = "$(TARGET_NAME)";
				SWIFT_EMIT_LOC_STRINGS = YES;
				SWIFT_VERSION = 5.0;
				TARGETED_DEVICE_FAMILY = "1,2";
			};
			name = Debug;
		};
		324AE7EC28DB5C8900B816A7 /* Release */ = {
			isa = XCBuildConfiguration;
			buildSettings = {
				ASSETCATALOG_COMPILER_APPICON_NAME = AppIcon;
				ASSETCATALOG_COMPILER_GLOBAL_ACCENT_COLOR_NAME = AccentColor;
				CODE_SIGN_STYLE = Automatic;
				CURRENT_PROJECT_VERSION = 1;
				GENERATE_INFOPLIST_FILE = YES;
				INFOPLIST_FILE = AcademyChallengeApp/Info.plist;
				INFOPLIST_KEY_UIApplicationSupportsIndirectInputEvents = YES;
				INFOPLIST_KEY_UILaunchStoryboardName = LaunchScreen;
				INFOPLIST_KEY_UISupportedInterfaceOrientations_iPad = "UIInterfaceOrientationPortrait UIInterfaceOrientationPortraitUpsideDown UIInterfaceOrientationLandscapeLeft UIInterfaceOrientationLandscapeRight";
				INFOPLIST_KEY_UISupportedInterfaceOrientations_iPhone = "UIInterfaceOrientationPortrait UIInterfaceOrientationLandscapeLeft UIInterfaceOrientationLandscapeRight";
				LD_RUNPATH_SEARCH_PATHS = (
					"$(inherited)",
					"@executable_path/Frameworks",
				);
				MARKETING_VERSION = 1.0;
				PRODUCT_BUNDLE_IDENTIFIER = rubenantunes.bliss.AcademyChallengeApp;
				PRODUCT_NAME = "$(TARGET_NAME)";
				SWIFT_EMIT_LOC_STRINGS = YES;
				SWIFT_VERSION = 5.0;
				TARGETED_DEVICE_FAMILY = "1,2";
			};
			name = Release;
		};
/* End XCBuildConfiguration section */

/* Begin XCConfigurationList section */
		324AE7D128DB5C8700B816A7 /* Build configuration list for PBXProject "AcademyChallengeApp" */ = {
			isa = XCConfigurationList;
			buildConfigurations = (
				324AE7E828DB5C8900B816A7 /* Debug */,
				324AE7E928DB5C8900B816A7 /* Release */,
			);
			defaultConfigurationIsVisible = 0;
			defaultConfigurationName = Release;
		};
		324AE7EA28DB5C8900B816A7 /* Build configuration list for PBXNativeTarget "AcademyChallengeApp" */ = {
			isa = XCConfigurationList;
			buildConfigurations = (
				324AE7EB28DB5C8900B816A7 /* Debug */,
				324AE7EC28DB5C8900B816A7 /* Release */,
			);
			defaultConfigurationIsVisible = 0;
			defaultConfigurationName = Release;
		};
/* End XCConfigurationList section */

/* Begin XCRemoteSwiftPackageReference section */
		3253622F28E31B530073C59F /* XCRemoteSwiftPackageReference "Alamofire" */ = {
			isa = XCRemoteSwiftPackageReference;
			repositoryURL = "https://github.com/Alamofire/Alamofire";
			requirement = {
				kind = upToNextMajorVersion;
				minimumVersion = 5.0.0;
			};
		};
		32B71D3E29143597009FEFAE /* XCRemoteSwiftPackageReference "RxSwift" */ = {
			isa = XCRemoteSwiftPackageReference;
			repositoryURL = "https://github.com/ReactiveX/RxSwift";
			requirement = {
				branch = main;
				kind = branch;
			};
		};
/* End XCRemoteSwiftPackageReference section */

/* Begin XCSwiftPackageProductDependency section */
		3253623028E31B530073C59F /* Alamofire */ = {
			isa = XCSwiftPackageProductDependency;
			package = 3253622F28E31B530073C59F /* XCRemoteSwiftPackageReference "Alamofire" */;
			productName = Alamofire;
		};
		32B71D3F29143597009FEFAE /* RxCocoa */ = {
			isa = XCSwiftPackageProductDependency;
			package = 32B71D3E29143597009FEFAE /* XCRemoteSwiftPackageReference "RxSwift" */;
			productName = RxCocoa;
		};
		32B71D4129143597009FEFAE /* RxSwift */ = {
			isa = XCSwiftPackageProductDependency;
			package = 32B71D3E29143597009FEFAE /* XCRemoteSwiftPackageReference "RxSwift" */;
			productName = RxSwift;
		};
/* End XCSwiftPackageProductDependency section */

/* Begin XCVersionGroup section */
		32B516E828F4721800043127 /* Database.xcdatamodeld */ = {
			isa = XCVersionGroup;
			children = (
				32B516E928F4721800043127 /* Database.xcdatamodel */,
			);
			currentVersion = 32B516E928F4721800043127 /* Database.xcdatamodel */;
			path = Database.xcdatamodeld;
			sourceTree = "<group>";
			versionGroupType = wrapper.xcdatamodel;
		};
/* End XCVersionGroup section */
	};
	rootObject = 324AE7CE28DB5C8700B816A7 /* Project object */;
}
